
Microsoft Visual Studio Solution File, Format Version 12.00
# Visual Studio Version 16
VisualStudioVersion = 16.0.31729.503
MinimumVisualStudioVersion = 10.0.40219.1
Project("{FAE04EC0-301F-11D3-BF4B-00C04F79EFBC}") = "ECommerceDemo.Entities", "ECommerceDemo.Entities\ECommerceDemo.Entities.csproj", "{BE137791-527A-4B57-A55D-B39FE2DA772E}"
EndProject
Project("{FAE04EC0-301F-11D3-BF4B-00C04F79EFBC}") = "ECommerceDemo.DataAccess", "ECommerceDemo.DataAccess\ECommerceDemo.DataAccess.csproj", "{6BACAAD2-CEA5-42E0-9C38-D6314B818538}"
EndProject
Project("{FAE04EC0-301F-11D3-BF4B-00C04F79EFBC}") = "ECommerceDemo.Business", "ECommerceDemo.Business\ECommerceDemo.Business.csproj", "{A51CFED3-F242-497F-AF54-4961C5FAC031}"
EndProject
Project("{FAE04EC0-301F-11D3-BF4B-00C04F79EFBC}") = "ECommerce.WebUI", "ECommerce.WebUI\ECommerce.WebUI.csproj", "{70440A6C-DFB5-4C31-9BC6-276929E4F0C3}"
EndProject
Global
	GlobalSection(SolutionConfigurationPlatforms) = preSolution
		Debug|Any CPU = Debug|Any CPU
		Release|Any CPU = Release|Any CPU
	EndGlobalSection
	GlobalSection(ProjectConfigurationPlatforms) = postSolution
		{BE137791-527A-4B57-A55D-B39FE2DA772E}.Debug|Any CPU.ActiveCfg = Debug|Any CPU
		{BE137791-527A-4B57-A55D-B39FE2DA772E}.Debug|Any CPU.Build.0 = Debug|Any CPU
		{BE137791-527A-4B57-A55D-B39FE2DA772E}.Release|Any CPU.ActiveCfg = Release|Any CPU
		{BE137791-527A-4B57-A55D-B39FE2DA772E}.Release|Any CPU.Build.0 = Release|Any CPU
		{6BACAAD2-CEA5-42E0-9C38-D6314B818538}.Debug|Any CPU.ActiveCfg = Debug|Any CPU
		{6BACAAD2-CEA5-42E0-9C38-D6314B818538}.Debug|Any CPU.Build.0 = Debug|Any CPU
		{6BACAAD2-CEA5-42E0-9C38-D6314B818538}.Release|Any CPU.ActiveCfg = Release|Any CPU
		{6BACAAD2-CEA5-42E0-9C38-D6314B818538}.Release|Any CPU.Build.0 = Release|Any CPU
		{A51CFED3-F242-497F-AF54-4961C5FAC031}.Debug|Any CPU.ActiveCfg = Debug|Any CPU
		{A51CFED3-F242-497F-AF54-4961C5FAC031}.Debug|Any CPU.Build.0 = Debug|Any CPU
		{A51CFED3-F242-497F-AF54-4961C5FAC031}.Release|Any CPU.ActiveCfg = Release|Any CPU
		{A51CFED3-F242-497F-AF54-4961C5FAC031}.Release|Any CPU.Build.0 = Release|Any CPU
		{70440A6C-DFB5-4C31-9BC6-276929E4F0C3}.Debug|Any CPU.ActiveCfg = Debug|Any CPU
		{70440A6C-DFB5-4C31-9BC6-276929E4F0C3}.Debug|Any CPU.Build.0 = Debug|Any CPU
		{70440A6C-DFB5-4C31-9BC6-276929E4F0C3}.Release|Any CPU.ActiveCfg = Release|Any CPU
		{70440A6C-DFB5-4C31-9BC6-276929E4F0C3}.Release|Any CPU.Build.0 = Release|Any CPU
	EndGlobalSection
	GlobalSection(SolutionProperties) = preSolution
		HideSolutionNode = FALSE
	EndGlobalSection
	GlobalSection(ExtensibilityGlobals) = postSolution
		SolutionGuid = {1556D64A-1B34-4C42-B614-4E4BF03390DF}
	EndGlobalSection
EndGlobal
